
Microsoft Visual Studio Solution File, Format Version 12.00
# Visual Studio Version 16
VisualStudioVersion = 16.0.29102.190
MinimumVisualStudioVersion = 10.0.40219.1
Project("{FAE04EC0-301F-11D3-BF4B-00C04F79EFBC}") = "AutoBaccarat", "AutoBaccarat\AutoBaccarat.csproj", "{2A4C5650-C645-48F0-874A-076DE5FB8693}"
EndProject
Project("{FAE04EC0-301F-11D3-BF4B-00C04F79EFBC}") = "King99 Theme", "TFive Theme\King99 Theme.csproj", "{F61532F4-3B0A-46C9-B618-9DE4F8063E1F}"
EndProject
Project("{FAE04EC0-301F-11D3-BF4B-00C04F79EFBC}") = "Magnifying Glass", "Magnifying Glass\Magnifying Glass.csproj", "{36CD65CE-3230-4179-AD89-2B820DFD8D5D}"
EndProject
Global
	GlobalSection(SolutionConfigurationPlatforms) = preSolution
		Debug|Any CPU = Debug|Any CPU
		Release|Any CPU = Release|Any CPU
	EndGlobalSection
	GlobalSection(ProjectConfigurationPlatforms) = postSolution
		{2A4C5650-C645-48F0-874A-076DE5FB8693}.Debug|Any CPU.ActiveCfg = Debug|Any CPU
		{2A4C5650-C645-48F0-874A-076DE5FB8693}.Debug|Any CPU.Build.0 = Debug|Any CPU
		{2A4C5650-C645-48F0-874A-076DE5FB8693}.Release|Any CPU.ActiveCfg = Release|Any CPU
		{2A4C5650-C645-48F0-874A-076DE5FB8693}.Release|Any CPU.Build.0 = Release|Any CPU
		{F61532F4-3B0A-46C9-B618-9DE4F8063E1F}.Debug|Any CPU.ActiveCfg = Debug|Any CPU
		{F61532F4-3B0A-46C9-B618-9DE4F8063E1F}.Debug|Any CPU.Build.0 = Debug|Any CPU
		{F61532F4-3B0A-46C9-B618-9DE4F8063E1F}.Release|Any CPU.ActiveCfg = Release|Any CPU
		{F61532F4-3B0A-46C9-B618-9DE4F8063E1F}.Release|Any CPU.Build.0 = Release|Any CPU
		{36CD65CE-3230-4179-AD89-2B820DFD8D5D}.Debug|Any CPU.ActiveCfg = Debug|Any CPU
		{36CD65CE-3230-4179-AD89-2B820DFD8D5D}.Debug|Any CPU.Build.0 = Debug|Any CPU
		{36CD65CE-3230-4179-AD89-2B820DFD8D5D}.Release|Any CPU.ActiveCfg = Release|Any CPU
		{36CD65CE-3230-4179-AD89-2B820DFD8D5D}.Release|Any CPU.Build.0 = Release|Any CPU
	EndGlobalSection
	GlobalSection(SolutionProperties) = preSolution
		HideSolutionNode = FALSE
	EndGlobalSection
	GlobalSection(ExtensibilityGlobals) = postSolution
		SolutionGuid = {C3383D0E-2C86-42DF-B3F1-CB2091B1ADA0}
	EndGlobalSection
EndGlobal
